
Microsoft Visual Studio Solution File, Format Version 12.00
# Visual Studio Version 17
VisualStudioVersion = 17.8.34316.72
MinimumVisualStudioVersion = 10.0.40219.1
Project("{FAE04EC0-301F-11D3-BF4B-00C04F79EFBC}") = "ConsoleApp1", "ConsoleApp1\ConsoleApp1.csproj", "{F89AEF9A-D816-4429-BE51-317F13BA5768}"
EndProject
Global
	GlobalSection(SolutionConfigurationPlatforms) = preSolution
		Debug|Any CPU = Debug|Any CPU
		Release|Any CPU = Release|Any CPU
	EndGlobalSection
	GlobalSection(ProjectConfigurationPlatforms) = postSolution
		{F89AEF9A-D816-4429-BE51-317F13BA5768}.Debug|Any CPU.ActiveCfg = Debug|Any CPU
		{F89AEF9A-D816-4429-BE51-317F13BA5768}.Debug|Any CPU.Build.0 = Debug|Any CPU
		{F89AEF9A-D816-4429-BE51-317F13BA5768}.Release|Any CPU.ActiveCfg = Release|Any CPU
		{F89AEF9A-D816-4429-BE51-317F13BA5768}.Release|Any CPU.Build.0 = Release|Any CPU
	EndGlobalSection
	GlobalSection(SolutionProperties) = preSolution
		HideSolutionNode = FALSE
	EndGlobalSection
	GlobalSection(ExtensibilityGlobals) = postSolution
		SolutionGuid = {EFC533E9-DC0B-4F55-8710-7BB52AAFEF4D}
	EndGlobalSection
EndGlobal
